<?xml version="1.0" encoding="utf-8"?>
<Project ToolsVersion="4.0" xmlns="http://schemas.microsoft.com/developer/msbuild/2003">
  <ItemGroup>
    <ClInclude Include="..\Include\NRI.h">
      <Filter>Include</Filter>
    </ClInclude>
    <ClInclude Include="..\Include\NRIDescs.h">
      <Filter>Include</Filter>
    </ClInclude>
    <ClInclude Include="..\Include\NRIMacro.h">
      <Filter>Include</Filter>
    </ClInclude>
    <ClInclude Include="..\Include\Extensions\NRIDeviceCreation.h">
      <Filter>Include\Extensions</Filter>
    </ClInclude>
    <ClInclude Include="..\Include\Extensions\NRIHelper.h">
      <Filter>Include\Extensions</Filter>
    </ClInclude>
    <ClInclude Include="..\Include\Extensions\NRIMeshShader.h">
      <Filter>Include\Extensions</Filter>
    </ClInclude>
    <ClInclude Include="..\Include\Extensions\NRIRayTracing.h">
      <Filter>Include\Extensions</Filter>
    </ClInclude>
    <ClInclude Include="..\Include\Extensions\NRISwapChain.h">
      <Filter>Include\Extensions</Filter>
    </ClInclude>
    <ClInclude Include="..\Include\Extensions\NRIWrapperD3D11.h">
      <Filter>Include\Extensions</Filter>
    </ClInclude>
    <ClInclude Include="..\Include\Extensions\NRIWrapperD3D12.h">
      <Filter>Include\Extensions</Filter>
    </ClInclude>
    <ClInclude Include="..\Include\Extensions\NRIWrapperVK.h">
      <Filter>Include\Extensions</Filter>
    </ClInclude>
    <ClInclude Include="..\Source\VK\AccelerationStructureVK.h">
      <Filter>VK</Filter>
    </ClInclude>
    <ClInclude Include="..\Source\VK\AcceleratrionStructureVK.hpp">
      <Filter>VK</Filter>
    </ClInclude>
    <ClInclude Include="..\Source\VK\BufferVK.h">
      <Filter>VK</Filter>
    </ClInclude>
    <ClInclude Include="..\Source\VK\BufferVK.hpp">
      <Filter>VK</Filter>
    </ClInclude>
    <ClInclude Include="..\Source\VK\CommandAllocatorVK.h">
      <Filter>VK</Filter>
    </ClInclude>
    <ClInclude Include="..\Source\VK\CommandAllocatorVK.hpp">
      <Filter>VK</Filter>
    </ClInclude>
    <ClInclude Include="..\Source\VK\CommandBufferVK.h">
      <Filter>VK</Filter>
    </ClInclude>
    <ClInclude Include="..\Source\VK\CommandBufferVK.hpp">
      <Filter>VK</Filter>
    </ClInclude>
    <ClInclude Include="..\Source\VK\CommandQueueVK.h">
      <Filter>VK</Filter>
    </ClInclude>
    <ClInclude Include="..\Source\VK\CommandQueueVK.hpp">
      <Filter>VK</Filter>
    </ClInclude>
    <ClInclude Include="..\Source\VK\ConversionVK.h">
      <Filter>VK</Filter>
    </ClInclude>
    <ClInclude Include="..\Source\VK\DescriptorPoolVK.h">
      <Filter>VK</Filter>
    </ClInclude>
    <ClInclude Include="..\Source\VK\DescriptorPoolVK.hpp">
      <Filter>VK</Filter>
    </ClInclude>
    <ClInclude Include="..\Source\VK\DescriptorSetVK.h">
      <Filter>VK</Filter>
    </ClInclude>
    <ClInclude Include="..\Source\VK\DescriptorSetVK.hpp">
      <Filter>VK</Filter>
    </ClInclude>
    <ClInclude Include="..\Source\VK\DescriptorVK.h">
      <Filter>VK</Filter>
    </ClInclude>
    <ClInclude Include="..\Source\VK\DescriptorVK.hpp">
      <Filter>VK</Filter>
    </ClInclude>
    <ClInclude Include="..\Source\VK\DeviceSemaphoreVK.h">
      <Filter>VK</Filter>
    </ClInclude>
    <ClInclude Include="..\Source\VK\DeviceSemaphoreVK.hpp">
      <Filter>VK</Filter>
    </ClInclude>
    <ClInclude Include="..\Source\VK\DeviceVK.h">
      <Filter>VK</Filter>
    </ClInclude>
    <ClInclude Include="..\Source\VK\DeviceVK.hpp">
      <Filter>VK</Filter>
    </ClInclude>
    <ClInclude Include="..\Source\VK\DispatchTable.h">
      <Filter>VK</Filter>
    </ClInclude>
    <ClInclude Include="..\Source\VK\FrameBufferVK.h">
      <Filter>VK</Filter>
    </ClInclude>
    <ClInclude Include="..\Source\VK\FrameBufferVK.hpp">
      <Filter>VK</Filter>
    </ClInclude>
    <ClInclude Include="..\Source\VK\MemoryVK.h">
      <Filter>VK</Filter>
    </ClInclude>
    <ClInclude Include="..\Source\VK\MemoryVK.hpp">
      <Filter>VK</Filter>
    </ClInclude>
    <ClInclude Include="..\Source\VK\PipelineLayoutVK.h">
      <Filter>VK</Filter>
    </ClInclude>
    <ClInclude Include="..\Source\VK\PipelineLayoutVK.hpp">
      <Filter>VK</Filter>
    </ClInclude>
    <ClInclude Include="..\Source\VK\PipelineVK.h">
      <Filter>VK</Filter>
    </ClInclude>
    <ClInclude Include="..\Source\VK\PipelineVK.hpp">
      <Filter>VK</Filter>
    </ClInclude>
    <ClInclude Include="..\Source\VK\QueryPoolVK.h">
      <Filter>VK</Filter>
    </ClInclude>
    <ClInclude Include="..\Source\VK\QueryPoolVK.hpp">
      <Filter>VK</Filter>
    </ClInclude>
    <ClInclude Include="..\Source\VK\QueueSemaphoreVK.h">
      <Filter>VK</Filter>
    </ClInclude>
    <ClInclude Include="..\Source\VK\QueueSemaphoreVK.hpp">
      <Filter>VK</Filter>
    </ClInclude>
    <ClInclude Include="..\Source\VK\SharedVK.h">
      <Filter>VK</Filter>
    </ClInclude>
    <ClInclude Include="..\Source\VK\SwapChainVK.h">
      <Filter>VK</Filter>
    </ClInclude>
    <ClInclude Include="..\Source\VK\SwapChainVK.hpp">
      <Filter>VK</Filter>
    </ClInclude>
    <ClInclude Include="..\Source\VK\TextureVK.h">
      <Filter>VK</Filter>
    </ClInclude>
    <ClInclude Include="..\Source\VK\TextureVK.hpp">
      <Filter>VK</Filter>
    </ClInclude>
    <ClInclude Include="..\Source\Validation\AccelerationStructureVal.h">
      <Filter>Validation</Filter>
    </ClInclude>
    <ClInclude Include="..\Source\Validation\AccelerationStructureVal.hpp">
      <Filter>Validation</Filter>
    </ClInclude>
    <ClInclude Include="..\Source\Validation\BufferVal.h">
      <Filter>Validation</Filter>
    </ClInclude>
    <ClInclude Include="..\Source\Validation\BufferVal.hpp">
      <Filter>Validation</Filter>
    </ClInclude>
    <ClInclude Include="..\Source\Validation\CommandAllocatorVal.h">
      <Filter>Validation</Filter>
    </ClInclude>
    <ClInclude Include="..\Source\Validation\CommandAllocatorVal.hpp">
      <Filter>Validation</Filter>
    </ClInclude>
    <ClInclude Include="..\Source\Validation\CommandBufferVal.h">
      <Filter>Validation</Filter>
    </ClInclude>
    <ClInclude Include="..\Source\Validation\CommandBufferVal.hpp">
      <Filter>Validation</Filter>
    </ClInclude>
    <ClInclude Include="..\Source\Validation\CommandQueueVal.h">
      <Filter>Validation</Filter>
    </ClInclude>
    <ClInclude Include="..\Source\Validation\CommandQueueVal.hpp">
      <Filter>Validation</Filter>
    </ClInclude>
    <ClInclude Include="..\Source\Validation\DescriptorPoolVal.h">
      <Filter>Validation</Filter>
    </ClInclude>
    <ClInclude Include="..\Source\Validation\DescriptorPoolVal.hpp">
      <Filter>Validation</Filter>
    </ClInclude>
    <ClInclude Include="..\Source\Validation\DescriptorSetVal.h">
      <Filter>Validation</Filter>
    </ClInclude>
    <ClInclude Include="..\Source\Validation\DescriptorSetVal.hpp">
      <Filter>Validation</Filter>
    </ClInclude>
    <ClInclude Include="..\Source\Validation\DescriptorVal.h">
      <Filter>Validation</Filter>
    </ClInclude>
    <ClInclude Include="..\Source\Validation\DescriptorVal.hpp">
      <Filter>Validation</Filter>
    </ClInclude>
    <ClInclude Include="..\Source\Validation\DeviceSemaphoreVal.h">
      <Filter>Validation</Filter>
    </ClInclude>
    <ClInclude Include="..\Source\Validation\DeviceSemaphoreVal.hpp">
      <Filter>Validation</Filter>
    </ClInclude>
    <ClInclude Include="..\Source\Validation\DeviceVal.h">
      <Filter>Validation</Filter>
    </ClInclude>
    <ClInclude Include="..\Source\Validation\DeviceVal.hpp">
      <Filter>Validation</Filter>
    </ClInclude>
    <ClInclude Include="..\Source\Validation\FrameBufferVal.h">
      <Filter>Validation</Filter>
    </ClInclude>
    <ClInclude Include="..\Source\Validation\FrameBufferVal.hpp">
      <Filter>Validation</Filter>
    </ClInclude>
    <ClInclude Include="..\Source\Validation\MemoryVal.h">
      <Filter>Validation</Filter>
    </ClInclude>
    <ClInclude Include="..\Source\Validation\MemoryVal.hpp">
      <Filter>Validation</Filter>
    </ClInclude>
    <ClInclude Include="..\Source\Validation\PipelineLayoutVal.h">
      <Filter>Validation</Filter>
    </ClInclude>
    <ClInclude Include="..\Source\Validation\PipelineLayoutVal.hpp">
      <Filter>Validation</Filter>
    </ClInclude>
    <ClInclude Include="..\Source\Validation\PipelineVal.h">
      <Filter>Validation</Filter>
    </ClInclude>
    <ClInclude Include="..\Source\Validation\PipelineVal.hpp">
      <Filter>Validation</Filter>
    </ClInclude>
    <ClInclude Include="..\Source\Validation\QueryPoolVal.h">
      <Filter>Validation</Filter>
    </ClInclude>
    <ClInclude Include="..\Source\Validation\QueryPoolVal.hpp">
      <Filter>Validation</Filter>
    </ClInclude>
    <ClInclude Include="..\Source\Validation\QueueSemaphoreVal.h">
      <Filter>Validation</Filter>
    </ClInclude>
    <ClInclude Include="..\Source\Validation\QueueSemaphoreVal.hpp">
      <Filter>Validation</Filter>
    </ClInclude>
    <ClInclude Include="..\Source\Validation\SharedVal.h">
      <Filter>Validation</Filter>
    </ClInclude>
    <ClInclude Include="..\Source\Validation\SwapChainVal.h">
      <Filter>Validation</Filter>
    </ClInclude>
    <ClInclude Include="..\Source\Validation\SwapChainVal.hpp">
      <Filter>Validation</Filter>
    </ClInclude>
    <ClInclude Include="..\Source\Validation\TextureVal.h">
      <Filter>Validation</Filter>
    </ClInclude>
    <ClInclude Include="..\Source\Validation\TextureVal.hpp">
      <Filter>Validation</Filter>
    </ClInclude>
    <ClInclude Include="..\Source\Shared\DeviceBase.h">
      <Filter>Shared</Filter>
    </ClInclude>
    <ClInclude Include="..\Source\Shared\HelperDataUpload.h">
      <Filter>Shared</Filter>
    </ClInclude>
    <ClInclude Include="..\Source\Shared\HelperDeviceMemoryAllocator.h">
      <Filter>Shared</Filter>
    </ClInclude>
    <ClInclude Include="..\Source\Shared\HelperResourceStateChange.h">
      <Filter>Shared</Filter>
    </ClInclude>
    <ClInclude Include="..\Source\Shared\HelperWaitIdle.h">
      <Filter>Shared</Filter>
    </ClInclude>
    <ClInclude Include="..\Source\Shared\Lock.h">
      <Filter>Shared</Filter>
    </ClInclude>
    <ClInclude Include="..\Source\Shared\SharedExternal.h">
      <Filter>Shared</Filter>
    </ClInclude>
    <ClInclude Include="..\Source\Shared\StdAllocator.h">
      <Filter>Shared</Filter>
    </ClInclude>
  </ItemGroup>
  <ItemGroup>
    <Filter Include="Shared">
      <UniqueIdentifier>{0e30594d-b5af-43f9-a63e-a973bce65992}</UniqueIdentifier>
    </Filter>
    <Filter Include="Validation">
      <UniqueIdentifier>{6d57c910-3176-4a08-9f4d-3a3e5af553d1}</UniqueIdentifier>
    </Filter>
    <Filter Include="VK">
      <UniqueIdentifier>{e83866ff-fa74-47b0-a891-8362207f2a89}</UniqueIdentifier>
    </Filter>
    <Filter Include="Creation">
      <UniqueIdentifier>{2b1e349c-918c-4855-83c5-621b48f016f3}</UniqueIdentifier>
    </Filter>
    <Filter Include="Include">
      <UniqueIdentifier>{1ae5594e-7bec-422c-a343-fed11003b481}</UniqueIdentifier>
    </Filter>
    <Filter Include="Include\Extensions">
      <UniqueIdentifier>{35be10e1-6e1d-4f68-826c-065b7bd1d11f}</UniqueIdentifier>
    </Filter>
  </ItemGroup>
  <ItemGroup>
    <ClCompile Include="..\Source\Creation\Creation.cpp">
      <Filter>Creation</Filter>
    </ClCompile>
    <ClCompile Include="..\Source\VK\AccelerationStructureVK.cpp">
      <Filter>VK</Filter>
    </ClCompile>
    <ClCompile Include="..\Source\VK\BufferVK.cpp">
      <Filter>VK</Filter>
    </ClCompile>
    <ClCompile Include="..\Source\VK\CommandAllocatorVK.cpp">
      <Filter>VK</Filter>
    </ClCompile>
    <ClCompile Include="..\Source\VK\CommandBufferVK.cpp">
      <Filter>VK</Filter>
    </ClCompile>
    <ClCompile Include="..\Source\VK\CommandQueueVK.cpp">
      <Filter>VK</Filter>
    </ClCompile>
    <ClCompile Include="..\Source\VK\ConversionVK.cpp">
      <Filter>VK</Filter>
    </ClCompile>
    <ClCompile Include="..\Source\VK\DescriptorPoolVK.cpp">
      <Filter>VK</Filter>
    </ClCompile>
    <ClCompile Include="..\Source\VK\DescriptorSetVK.cpp">
      <Filter>VK</Filter>
    </ClCompile>
    <ClCompile Include="..\Source\VK\DescriptorVK.cpp">
      <Filter>VK</Filter>
    </ClCompile>
    <ClCompile Include="..\Source\VK\DeviceSemaphoreVK.cpp">
      <Filter>VK</Filter>
    </ClCompile>
    <ClCompile Include="..\Source\VK\DeviceVK.cpp">
      <Filter>VK</Filter>
    </ClCompile>
    <ClCompile Include="..\Source\VK\FrameBufferVK.cpp">
      <Filter>VK</Filter>
    </ClCompile>
    <ClCompile Include="..\Source\VK\MemoryVK.cpp">
      <Filter>VK</Filter>
    </ClCompile>
    <ClCompile Include="..\Source\VK\PipelineLayoutVK.cpp">
      <Filter>VK</Filter>
    </ClCompile>
    <ClCompile Include="..\Source\VK\PipelineVK.cpp">
      <Filter>VK</Filter>
    </ClCompile>
    <ClCompile Include="..\Source\VK\QueryPoolVK.cpp">
      <Filter>VK</Filter>
    </ClCompile>
    <ClCompile Include="..\Source\VK\QueueSemaphoreVK.cpp">
      <Filter>VK</Filter>
    </ClCompile>
    <ClCompile Include="..\Source\VK\SwapChainVK.cpp">
      <Filter>VK</Filter>
    </ClCompile>
    <ClCompile Include="..\Source\VK\TextureVK.cpp">
      <Filter>VK</Filter>
    </ClCompile>
    <ClCompile Include="..\Source\Validation\AccelerationStructureVal.cpp">
      <Filter>Validation</Filter>
    </ClCompile>
    <ClCompile Include="..\Source\Validation\BufferVal.cpp">
      <Filter>Validation</Filter>
    </ClCompile>
    <ClCompile Include="..\Source\Validation\CommandAllocatorVal.cpp">
      <Filter>Validation</Filter>
    </ClCompile>
    <ClCompile Include="..\Source\Validation\CommandBufferVal.cpp">
      <Filter>Validation</Filter>
    </ClCompile>
    <ClCompile Include="..\Source\Validation\CommandQueueVal.cpp">
      <Filter>Validation</Filter>
    </ClCompile>
    <ClCompile Include="..\Source\Validation\ConversionVal.cpp">
      <Filter>Validation</Filter>
    </ClCompile>
    <ClCompile Include="..\Source\Validation\DescriptorPoolVal.cpp">
      <Filter>Validation</Filter>
    </ClCompile>
    <ClCompile Include="..\Source\Validation\DescriptorSetVal.cpp">
      <Filter>Validation</Filter>
    </ClCompile>
    <ClCompile Include="..\Source\Validation\DescriptorVal.cpp">
      <Filter>Validation</Filter>
    </ClCompile>
    <ClCompile Include="..\Source\Validation\DeviceSemaphoreVal.cpp">
      <Filter>Validation</Filter>
    </ClCompile>
    <ClCompile Include="..\Source\Validation\DeviceVal.cpp">
      <Filter>Validation</Filter>
    </ClCompile>
    <ClCompile Include="..\Source\Validation\FrameBufferVal.cpp">
      <Filter>Validation</Filter>
    </ClCompile>
    <ClCompile Include="..\Source\Validation\MemoryVal.cpp">
      <Filter>Validation</Filter>
    </ClCompile>
    <ClCompile Include="..\Source\Validation\PipelineLayoutVal.cpp">
      <Filter>Validation</Filter>
    </ClCompile>
    <ClCompile Include="..\Source\Validation\PipelineVal.cpp">
      <Filter>Validation</Filter>
    </ClCompile>
    <ClCompile Include="..\Source\Validation\QueryPoolVal.cpp">
      <Filter>Validation</Filter>
    </ClCompile>
    <ClCompile Include="..\Source\Validation\QueueSemaphoreVal.cpp">
      <Filter>Validation</Filter>
    </ClCompile>
    <ClCompile Include="..\Source\Validation\SharedVal.cpp">
      <Filter>Validation</Filter>
    </ClCompile>
    <ClCompile Include="..\Source\Validation\SwapChainVal.cpp">
      <Filter>Validation</Filter>
    </ClCompile>
    <ClCompile Include="..\Source\Validation\TextureVal.cpp">
      <Filter>Validation</Filter>
    </ClCompile>
    <ClCompile Include="..\Source\Shared\HelperDataUpload.cpp">
      <Filter>Shared</Filter>
    </ClCompile>
    <ClCompile Include="..\Source\Shared\HelperDeviceMemoryAllocator.cpp">
      <Filter>Shared</Filter>
    </ClCompile>
    <ClCompile Include="..\Source\Shared\HelperResourceStateChange.cpp">
      <Filter>Shared</Filter>
    </ClCompile>
    <ClCompile Include="..\Source\Shared\HelperWaitIdle.cpp">
      <Filter>Shared</Filter>
    </ClCompile>
    <ClCompile Include="..\Source\Shared\SharedExternal.cpp">
      <Filter>Shared</Filter>
    </ClCompile>
    <ClCompile Include="..\Source\Shared\SharedLibrary.cpp">
      <Filter>Shared</Filter>
    </ClCompile>
  </ItemGroup>
</Project>